# This file is automatically @generated by Poetry 1.4.2 and should not be changed by hand.

[[package]]
name = "tree-sitter"
version = "0.20.1"
description = "Python bindings to the Tree-sitter parsing library"
category = "main"
optional = false
python-versions = ">=3.3"
files = [
    {file = "tree_sitter-0.20.1-cp39-cp39-macosx_12_0_arm64.whl", hash = "sha256:6f11a1fd909dcf569e7b1d98861a837436799e757bbbc5cd5280989050929e12"},
    {file = "tree_sitter-0.20.1.tar.gz", hash = "sha256:e93f082c545d6649bcfb5d681ed255eb004a6ce22988971a128f40692feec60d"},
]

[metadata]
lock-version = "2.0"
python-versions = "^3.10"
content-hash = "167348fa95abcb40174e196d9f2a5e96ececfa5c4d1ab96b10e4be175fc4e2f4"
